schema: '2.0'
stages:
  preprocess:
    cmd: python scripts/data_preprocessing.py
    deps:
    - path: data/raw/advertising.csv
      hash: md5
      md5: c7313c34c7030050bee4c29e2260ea68
      size: 4062
    - path: scripts/data_preprocessing.py
      hash: md5
      md5: 64bdb23c6a8d3905cdadb51b5b21184a
      size: 1141
    params:
      params.yaml:
        data.feature: TV
        data.random_state: 42
        data.target: Sales
        data.test_size: 0.3
        data.version: v2
    outs:
    - path: data/processed/X_test_v2.npy
      hash: md5
      md5: 3527445fcdb9e8da1e87c12e899460ef
      size: 608
    - path: data/processed/X_train_v2.npy
      hash: md5
      md5: b7ac75c3e19a60b8193c6b3630eb3379
      size: 1248
    - path: data/processed/y_test_v2.npy
      hash: md5
      md5: cfb58bbfc1c18461d0afc2c52cb3ad71
      size: 608
    - path: data/processed/y_train_v2.npy
      hash: md5
      md5: c82048861a3d5dbffd06775cfa6c1bce
      size: 1248
  train:
    cmd: python scripts/train.py
    deps:
    - path: data/processed/X_train_v2.npy
      hash: md5
      md5: b7ac75c3e19a60b8193c6b3630eb3379
      size: 1248
    - path: data/processed/y_train_v2.npy
      hash: md5
      md5: c82048861a3d5dbffd06775cfa6c1bce
      size: 1248
    - path: scripts/train.py
      hash: md5
      md5: 0f8bd83f9ae1a9da5ada68f4d864c100
      size: 2487
    - path: scripts/utils.py
      hash: md5
      md5: 26ecc7f5f20abba92bcb423a3042ae9f
      size: 476
    params:
      params.yaml:
        data.feature: TV
        data.version: v2
        train.epochs: 250
        train.lr: 0.001
    outs:
    - path: models/model_v2.pkl
      hash: md5
      md5: a75ea1b41f76f571b7de53760641f58e
      size: 186
  predict:
    cmd: python scripts/predict.py
    deps:
    - path: models/model_v2.pkl
      hash: md5
      md5: a75ea1b41f76f571b7de53760641f58e
      size: 186
    - path: scripts/predict.py
      hash: md5
      md5: 658ad73a89792fcb3be92f77efca6f2c
      size: 4445
    params:
      params.yaml:
        data.version: v2
        predict.values:
        - 199
        - 299
