schema: '2.0'
stages:
  preprocess:
    cmd: python scripts/data_preprocessing.py
    deps:
    - path: data/raw/advertising.csv
      hash: md5
      md5: c7313c34c7030050bee4c29e2260ea68
      size: 4062
    - path: scripts/data_preprocessing.py
      hash: md5
      md5: 64bdb23c6a8d3905cdadb51b5b21184a
      size: 1141
    params:
      params.yaml:
        data.feature: Radio
        data.random_state: 42
        data.target: Sales
        data.test_size: 0.2
        data.version: v3
    outs:
    - path: data/processed/X_test_v3.npy
      hash: md5
      md5: 3897a831a4dbf4c02a1c0175fed3910c
      size: 448
    - path: data/processed/X_train_v3.npy
      hash: md5
      md5: bfbc30e517ef6d9ae68104f690f476b0
      size: 1408
    - path: data/processed/y_test_v3.npy
      hash: md5
      md5: 80c9df58e86cb6dd2687cf294cd9b429
      size: 448
    - path: data/processed/y_train_v3.npy
      hash: md5
      md5: 34cb751d22d15620e0a1fd5a7939054e
      size: 1408
  train:
    cmd: python scripts/train.py
    deps:
    - path: data/processed/X_train_v3.npy
      hash: md5
      md5: bfbc30e517ef6d9ae68104f690f476b0
      size: 1408
    - path: data/processed/y_train_v3.npy
      hash: md5
      md5: 34cb751d22d15620e0a1fd5a7939054e
      size: 1408
    - path: scripts/train.py
      hash: md5
      md5: 0f8bd83f9ae1a9da5ada68f4d864c100
      size: 2487
    - path: scripts/utils.py
      hash: md5
      md5: 26ecc7f5f20abba92bcb423a3042ae9f
      size: 476
    params:
      params.yaml:
        data.feature: Radio
        data.version: v3
        train.epochs: 200
        train.lr: 0.001
    outs:
    - path: models/model_v3.pkl
      hash: md5
      md5: 3d044d5c708695ad2e4b2004fd92c923
      size: 189
  predict:
    cmd: python scripts/predict.py
    deps:
    - path: models/model_v3.pkl
      hash: md5
      md5: 3d044d5c708695ad2e4b2004fd92c923
      size: 189
    - path: scripts/predict.py
      hash: md5
      md5: 658ad73a89792fcb3be92f77efca6f2c
      size: 4445
    params:
      params.yaml:
        data.version: v3
        predict.values:
        - 25
        - 50
        - 10
